// !$*UTF8*$!
{
	archiveVersion = 1;
	classes = {
	};
	objectVersion = 50;
	objects = {

/* Begin PBXBuildFile section */
		1412DFA026DB811400A373BA /* AppDelegate.swift in Sources */ = {isa = PBXBuildFile; fileRef = 1412DF9F26DB811400A373BA /* AppDelegate.swift */; };
		1412DFA226DB811400A373BA /* SceneDelegate.swift in Sources */ = {isa = PBXBuildFile; fileRef = 1412DFA126DB811400A373BA /* SceneDelegate.swift */; };
		1412DFA426DB811400A373BA /* ViewController.swift in Sources */ = {isa = PBXBuildFile; fileRef = 1412DFA326DB811400A373BA /* ViewController.swift */; };
		1412DFA726DB811400A373BA /* Main.storyboard in Resources */ = {isa = PBXBuildFile; fileRef = 1412DFA526DB811400A373BA /* Main.storyboard */; };
		1412DFA926DB811600A373BA /* Assets.xcassets in Resources */ = {isa = PBXBuildFile; fileRef = 1412DFA826DB811600A373BA /* Assets.xcassets */; };
		1412DFAC26DB811600A373BA /* LaunchScreen.storyboard in Resources */ = {isa = PBXBuildFile; fileRef = 1412DFAA26DB811600A373BA /* LaunchScreen.storyboard */; };
		14CBC24E26DB824D001F37A7 /* ImageInferable.swift in Sources */ = {isa = PBXBuildFile; fileRef = 14CBC24D26DB824D001F37A7 /* ImageInferable.swift */; };
		14CBC25226DB83C0001F37A7 /* lite-model_aiy_vision_classifier_plants_V1_3.tflite in Resources */ = {isa = PBXBuildFile; fileRef = 14CBC25126DB83C0001F37A7 /* lite-model_aiy_vision_classifier_plants_V1_3.tflite */; };
		14CBC25426DB83CA001F37A7 /* aiy_plants_V1_labelmap.csv in Resources */ = {isa = PBXBuildFile; fileRef = 14CBC25326DB83CA001F37A7 /* aiy_plants_V1_labelmap.csv */; };
		14CBC25626DB83EA001F37A7 /* PlantsModel.swift in Sources */ = {isa = PBXBuildFile; fileRef = 14CBC25526DB83EA001F37A7 /* PlantsModel.swift */; };
		14CBC25926DB870F001F37A7 /* TFLiteFlatArray+Extension.swift in Sources */ = {isa = PBXBuildFile; fileRef = 14CBC25826DB870F001F37A7 /* TFLiteFlatArray+Extension.swift */; };
		14CBC25B26DBA4E8001F37A7 /* lite-model_disease-classification_1.tflite in Resources */ = {isa = PBXBuildFile; fileRef = 14CBC25A26DBA4E8001F37A7 /* lite-model_disease-classification_1.tflite */; };
		14CBC25D26DBA4F0001F37A7 /* DiseaseModel.swift in Sources */ = {isa = PBXBuildFile; fileRef = 14CBC25C26DBA4F0001F37A7 /* DiseaseModel.swift */; };
		AA8FDA5D58B9F7E1418521A8 /* Pods_WhatIsThisPlants.framework in Frameworks */ = {isa = PBXBuildFile; fileRef = B4C95EBD83A73E569A6BE571 /* Pods_WhatIsThisPlants.framework */; };
/* End PBXBuildFile section */

/* Begin PBXFileReference section */
		1412DF9C26DB811400A373BA /* WhatIsThisPlants.app */ = {isa = PBXFileReference; explicitFileType = wrapper.application; includeInIndex = 0; path = WhatIsThisPlants.app; sourceTree = BUILT_PRODUCTS_DIR; };
		1412DF9F26DB811400A373BA /* AppDelegate.swift */ = {isa = PBXFileReference; lastKnownFileType = sourcecode.swift; path = AppDelegate.swift; sourceTree = "<group>"; };
		1412DFA126DB811400A373BA /* SceneDelegate.swift */ = {isa = PBXFileReference; lastKnownFileType = sourcecode.swift; path = SceneDelegate.swift; sourceTree = "<group>"; };
		1412DFA326DB811400A373BA /* ViewController.swift */ = {isa = PBXFileReference; lastKnownFileType = sourcecode.swift; path = ViewController.swift; sourceTree = "<group>"; };
		1412DFA626DB811400A373BA /* Base */ = {isa = PBXFileReference; lastKnownFileType = file.storyboard; name = Base; path = Base.lproj/Main.storyboard; sourceTree = "<group>"; };
		1412DFA826DB811600A373BA /* Assets.xcassets */ = {isa = PBXFileReference; lastKnownFileType = folder.assetcatalog; path = Assets.xcassets; sourceTree = "<group>"; };
		1412DFAB26DB811600A373BA /* Base */ = {isa = PBXFileReference; lastKnownFileType = file.storyboard; name = Base; path = Base.lproj/LaunchScreen.storyboard; sourceTree = "<group>"; };
		1412DFAD26DB811600A373BA /* Info.plist */ = {isa = PBXFileReference; lastKnownFileType = text.plist.xml; path = Info.plist; sourceTree = "<group>"; };
		14CBC24D26DB824D001F37A7 /* ImageInferable.swift */ = {isa = PBXFileReference; lastKnownFileType = sourcecode.swift; path = ImageInferable.swift; sourceTree = "<group>"; };
		14CBC25126DB83C0001F37A7 /* lite-model_aiy_vision_classifier_plants_V1_3.tflite */ = {isa = PBXFileReference; lastKnownFileType = file; path = "lite-model_aiy_vision_classifier_plants_V1_3.tflite"; sourceTree = "<group>"; };
		14CBC25326DB83CA001F37A7 /* aiy_plants_V1_labelmap.csv */ = {isa = PBXFileReference; fileEncoding = 4; lastKnownFileType = text; path = aiy_plants_V1_labelmap.csv; sourceTree = "<group>"; };
		14CBC25526DB83EA001F37A7 /* PlantsModel.swift */ = {isa = PBXFileReference; lastKnownFileType = sourcecode.swift; path = PlantsModel.swift; sourceTree = "<group>"; };
		14CBC25826DB870F001F37A7 /* TFLiteFlatArray+Extension.swift */ = {isa = PBXFileReference; lastKnownFileType = sourcecode.swift; path = "TFLiteFlatArray+Extension.swift"; sourceTree = "<group>"; };
		14CBC25A26DBA4E8001F37A7 /* lite-model_disease-classification_1.tflite */ = {isa = PBXFileReference; lastKnownFileType = file; path = "lite-model_disease-classification_1.tflite"; sourceTree = "<group>"; };
		14CBC25C26DBA4F0001F37A7 /* DiseaseModel.swift */ = {isa = PBXFileReference; lastKnownFileType = sourcecode.swift; path = DiseaseModel.swift; sourceTree = "<group>"; };
		23F3735254DDACCB6B8FF015 /* Pods-WhatIsThisPlants.release.xcconfig */ = {isa = PBXFileReference; includeInIndex = 1; lastKnownFileType = text.xcconfig; name = "Pods-WhatIsThisPlants.release.xcconfig"; path = "Target Support Files/Pods-WhatIsThisPlants/Pods-WhatIsThisPlants.release.xcconfig"; sourceTree = "<group>"; };
		65A981B1072E707DEB5375FA /* Pods-WhatIsThisPlants.debug.xcconfig */ = {isa = PBXFileReference; includeInIndex = 1; lastKnownFileType = text.xcconfig; name = "Pods-WhatIsThisPlants.debug.xcconfig"; path = "Target Support Files/Pods-WhatIsThisPlants/Pods-WhatIsThisPlants.debug.xcconfig"; sourceTree = "<group>"; };
		B4C95EBD83A73E569A6BE571 /* Pods_WhatIsThisPlants.framework */ = {isa = PBXFileReference; explicitFileType = wrapper.framework; includeInIndex = 0; path = Pods_WhatIsThisPlants.framework; sourceTree = BUILT_PRODUCTS_DIR; };
/* End PBXFileReference section */

/* Begin PBXFrameworksBuildPhase section */
		1412DF9926DB811400A373BA /* Frameworks */ = {
			isa = PBXFrameworksBuildPhase;
			buildActionMask = 2147483647;
			files = (
				AA8FDA5D58B9F7E1418521A8 /* Pods_WhatIsThisPlants.framework in Frameworks */,
			);
			runOnlyForDeploymentPostprocessing = 0;
		};
/* End PBXFrameworksBuildPhase section */

/* Begin PBXGroup section */
		1412DF9326DB811400A373BA = {
			isa = PBXGroup;
			children = (
				1412DF9E26DB811400A373BA /* WhatIsThisPlants */,
				1412DF9D26DB811400A373BA /* Products */,
				77AECC512CC967BAA377F378 /* Pods */,
				5C909A12D5464906E9103636 /* Frameworks */,
			);
			sourceTree = "<group>";
		};
		1412DF9D26DB811400A373BA /* Products */ = {
			isa = PBXGroup;
			children = (
				1412DF9C26DB811400A373BA /* WhatIsThisPlants.app */,
			);
			name = Products;
			sourceTree = "<group>";
		};
		1412DF9E26DB811400A373BA /* WhatIsThisPlants */ = {
			isa = PBXGroup;
			children = (
				1412DF9F26DB811400A373BA /* AppDelegate.swift */,
				1412DFA126DB811400A373BA /* SceneDelegate.swift */,
				14CBC25726DB86F7001F37A7 /* extension */,
				14CBC24C26DB8215001F37A7 /* Model */,
				14CBC24B26DB820E001F37A7 /* MainView */,
				1412DFA526DB811400A373BA /* Main.storyboard */,
				1412DFA826DB811600A373BA /* Assets.xcassets */,
				1412DFAA26DB811600A373BA /* LaunchScreen.storyboard */,
				1412DFAD26DB811600A373BA /* Info.plist */,
			);
			path = WhatIsThisPlants;
			sourceTree = "<group>";
		};
		14CBC24B26DB820E001F37A7 /* MainView */ = {
			isa = PBXGroup;
			children = (
				1412DFA326DB811400A373BA /* ViewController.swift */,
			);
			path = MainView;
			sourceTree = "<group>";
		};
		14CBC24C26DB8215001F37A7 /* Model */ = {
			isa = PBXGroup;
			children = (
				14CBC24D26DB824D001F37A7 /* ImageInferable.swift */,
				14CBC25026DB8355001F37A7 /* DiseaseModel */,
				14CBC24F26DB834B001F37A7 /* PlantsModel */,
			);
			path = Model;
			sourceTree = "<group>";
		};
		14CBC24F26DB834B001F37A7 /* PlantsModel */ = {
			isa = PBXGroup;
			children = (
				14CBC25326DB83CA001F37A7 /* aiy_plants_V1_labelmap.csv */,
				14CBC25126DB83C0001F37A7 /* lite-model_aiy_vision_classifier_plants_V1_3.tflite */,
				14CBC25526DB83EA001F37A7 /* PlantsModel.swift */,
			);
			path = PlantsModel;
			sourceTree = "<group>";
		};
		14CBC25026DB8355001F37A7 /* DiseaseModel */ = {
			isa = PBXGroup;
			children = (
				14CBC25A26DBA4E8001F37A7 /* lite-model_disease-classification_1.tflite */,
				14CBC25C26DBA4F0001F37A7 /* DiseaseModel.swift */,
			);
			path = DiseaseModel;
			sourceTree = "<group>";
		};
		14CBC25726DB86F7001F37A7 /* extension */ = {
			isa = PBXGroup;
			children = (
				14CBC25826DB870F001F37A7 /* TFLiteFlatArray+Extension.swift */,
			);
			path = extension;
			sourceTree = "<group>";
		};
		5C909A12D5464906E9103636 /* Frameworks */ = {
			isa = PBXGroup;
			children = (
				B4C95EBD83A73E569A6BE571 /* Pods_WhatIsThisPlants.framework */,
			);
			name = Frameworks;
			sourceTree = "<group>";
		};
		77AECC512CC967BAA377F378 /* Pods */ = {
			isa = PBXGroup;
			children = (
				65A981B1072E707DEB5375FA /* Pods-WhatIsThisPlants.debug.xcconfig */,
				23F3735254DDACCB6B8FF015 /* Pods-WhatIsThisPlants.release.xcconfig */,
			);
			path = Pods;
			sourceTree = "<group>";
		};
/* End PBXGroup section */

/* Begin PBXNativeTarget section */
		1412DF9B26DB811400A373BA /* WhatIsThisPlants */ = {
			isa = PBXNativeTarget;
			buildConfigurationList = 1412DFB026DB811600A373BA /* Build configuration list for PBXNativeTarget "WhatIsThisPlants" */;
			buildPhases = (
				0A76FAEF454D335C992392D8 /* [CP] Check Pods Manifest.lock */,
				1412DF9826DB811400A373BA /* Sources */,
				1412DF9926DB811400A373BA /* Frameworks */,
				1412DF9A26DB811400A373BA /* Resources */,
			);
			buildRules = (
			);
			dependencies = (
			);
			name = WhatIsThisPlants;
			productName = WhatIsThisPlants;
			productReference = 1412DF9C26DB811400A373BA /* WhatIsThisPlants.app */;
			productType = "com.apple.product-type.application";
		};
/* End PBXNativeTarget section */

/* Begin PBXProject section */
		1412DF9426DB811400A373BA /* Project object */ = {
			isa = PBXProject;
			attributes = {
				LastSwiftUpdateCheck = 1250;
				LastUpgradeCheck = 1250;
				TargetAttributes = {
					1412DF9B26DB811400A373BA = {
						CreatedOnToolsVersion = 12.5.1;
					};
				};
			};
			buildConfigurationList = 1412DF9726DB811400A373BA /* Build configuration list for PBXProject "WhatIsThisPlants" */;
			compatibilityVersion = "Xcode 9.3";
			developmentRegion = en;
			hasScannedForEncodings = 0;
			knownRegions = (
				en,
				Base,
			);
			mainGroup = 1412DF9326DB811400A373BA;
			productRefGroup = 1412DF9D26DB811400A373BA /* Products */;
			projectDirPath = "";
			projectRoot = "";
			targets = (
				1412DF9B26DB811400A373BA /* WhatIsThisPlants */,
			);
		};
/* End PBXProject section */

/* Begin PBXResourcesBuildPhase section */
		1412DF9A26DB811400A373BA /* Resources */ = {
			isa = PBXResourcesBuildPhase;
			buildActionMask = 2147483647;
			files = (
				14CBC25B26DBA4E8001F37A7 /* lite-model_disease-classification_1.tflite in Resources */,
				14CBC25426DB83CA001F37A7 /* aiy_plants_V1_labelmap.csv in Resources */,
				1412DFAC26DB811600A373BA /* LaunchScreen.storyboard in Resources */,
				1412DFA926DB811600A373BA /* Assets.xcassets in Resources */,
				1412DFA726DB811400A373BA /* Main.storyboard in Resources */,
				14CBC25226DB83C0001F37A7 /* lite-model_aiy_vision_classifier_plants_V1_3.tflite in Resources */,
			);
			runOnlyForDeploymentPostprocessing = 0;
		};
/* End PBXResourcesBuildPhase section */

/* Begin PBXShellScriptBuildPhase section */
		0A76FAEF454D335C992392D8 /* [CP] Check Pods Manifest.lock */ = {
			isa = PBXShellScriptBuildPhase;
			buildActionMask = 2147483647;
			files = (
			);
			inputFileListPaths = (
			);
			inputPaths = (
				"${PODS_PODFILE_DIR_PATH}/Podfile.lock",
				"${PODS_ROOT}/Manifest.lock",
			);
			name = "[CP] Check Pods Manifest.lock";
			outputFileListPaths = (
			);
			outputPaths = (
				"$(DERIVED_FILE_DIR)/Pods-WhatIsThisPlants-checkManifestLockResult.txt",
			);
			runOnlyForDeploymentPostprocessing = 0;
			shellPath = /bin/sh;
			shellScript = "diff \"${PODS_PODFILE_DIR_PATH}/Podfile.lock\" \"${PODS_ROOT}/Manifest.lock\" > /dev/null\nif [ $? != 0 ] ; then\n    # print error to STDERR\n    echo \"error: The sandbox is not in sync with the Podfile.lock. Run 'pod install' or update your CocoaPods installation.\" >&2\n    exit 1\nfi\n# This output is used by Xcode 'outputs' to avoid re-running this script phase.\necho \"SUCCESS\" > \"${SCRIPT_OUTPUT_FILE_0}\"\n";
			showEnvVarsInLog = 0;
		};
/* End PBXShellScriptBuildPhase section */

/* Begin PBXSourcesBuildPhase section */
		1412DF9826DB811400A373BA /* Sources */ = {
			isa = PBXSourcesBuildPhase;
			buildActionMask = 2147483647;
			files = (
				1412DFA426DB811400A373BA /* ViewController.swift in Sources */,
				1412DFA026DB811400A373BA /* AppDelegate.swift in Sources */,
				14CBC25926DB870F001F37A7 /* TFLiteFlatArray+Extension.swift in Sources */,
				14CBC24E26DB824D001F37A7 /* ImageInferable.swift in Sources */,
				14CBC25D26DBA4F0001F37A7 /* DiseaseModel.swift in Sources */,
				14CBC25626DB83EA001F37A7 /* PlantsModel.swift in Sources */,
				1412DFA226DB811400A373BA /* SceneDelegate.swift in Sources */,
			);
			runOnlyForDeploymentPostprocessing = 0;
		};
/* End PBXSourcesBuildPhase section */

/* Begin PBXVariantGroup section */
		1412DFA526DB811400A373BA /* Main.storyboard */ = {
			isa = PBXVariantGroup;
			children = (
				1412DFA626DB811400A373BA /* Base */,
			);
			name = Main.storyboard;
			sourceTree = "<group>";
		};
		1412DFAA26DB811600A373BA /* LaunchScreen.storyboard */ = {
			isa = PBXVariantGroup;
			children = (
				1412DFAB26DB811600A373BA /* Base */,
			);
			name = LaunchScreen.storyboard;
			sourceTree = "<group>";
		};
/* End PBXVariantGroup section */

/* Begin XCBuildConfiguration section */
		1412DFAE26DB811600A373BA /* Debug */ = {
			isa = XCBuildConfiguration;
			buildSettings = {
				ALWAYS_SEARCH_USER_PATHS = NO;
				CLANG_ANALYZER_NONNULL = YES;
				CLANG_ANALYZER_NUMBER_OBJECT_CONVERSION = YES_AGGRESSIVE;
				CLANG_CXX_LANGUAGE_STANDARD = "gnu++14";
				CLANG_CXX_LIBRARY = "libc++";
				CLANG_ENABLE_MODULES = YES;
				CLANG_ENABLE_OBJC_ARC = YES;
				CLANG_ENABLE_OBJC_WEAK = YES;
				CLANG_WARN_BLOCK_CAPTURE_AUTORELEASING = YES;
				CLANG_WARN_BOOL_CONVERSION = YES;
				CLANG_WARN_COMMA = YES;
				CLANG_WARN_CONSTANT_CONVERSION = YES;
				CLANG_WARN_DEPRECATED_OBJC_IMPLEMENTATIONS = YES;
				CLANG_WARN_DIRECT_OBJC_ISA_USAGE = YES_ERROR;
				CLANG_WARN_DOCUMENTATION_COMMENTS = YES;
				CLANG_WARN_EMPTY_BODY = YES;
				CLANG_WARN_ENUM_CONVERSION = YES;
				CLANG_WARN_INFINITE_RECURSION = YES;
				CLANG_WARN_INT_CONVERSION = YES;
				CLANG_WARN_NON_LITERAL_NULL_CONVERSION = YES;
				CLANG_WARN_OBJC_IMPLICIT_RETAIN_SELF = YES;
				CLANG_WARN_OBJC_LITERAL_CONVERSION = YES;
				CLANG_WARN_OBJC_ROOT_CLASS = YES_ERROR;
				CLANG_WARN_QUOTED_INCLUDE_IN_FRAMEWORK_HEADER = YES;
				CLANG_WARN_RANGE_LOOP_ANALYSIS = YES;
				CLANG_WARN_STRICT_PROTOTYPES = YES;
				CLANG_WARN_SUSPICIOUS_MOVE = YES;
				CLANG_WARN_UNGUARDED_AVAILABILITY = YES_AGGRESSIVE;
				CLANG_WARN_UNREACHABLE_CODE = YES;
				CLANG_WARN__DUPLICATE_METHOD_MATCH = YES;
				COPY_PHASE_STRIP = NO;
				DEBUG_INFORMATION_FORMAT = dwarf;
				ENABLE_STRICT_OBJC_MSGSEND = YES;
				ENABLE_TESTABILITY = YES;
				GCC_C_LANGUAGE_STANDARD = gnu11;
				GCC_DYNAMIC_NO_PIC = NO;
				GCC_NO_COMMON_BLOCKS = YES;
				GCC_OPTIMIZATION_LEVEL = 0;
				GCC_PREPROCESSOR_DEFINITIONS = (
					"DEBUG=1",
					"$(inherited)",
				);
				GCC_WARN_64_TO_32_BIT_CONVERSION = YES;
				GCC_WARN_ABOUT_RETURN_TYPE = YES_ERROR;
				GCC_WARN_UNDECLARED_SELECTOR = YES;
				GCC_WARN_UNINITIALIZED_AUTOS = YES_AGGRESSIVE;
				GCC_WARN_UNUSED_FUNCTION = YES;
				GCC_WARN_UNUSED_VARIABLE = YES;
				IPHONEOS_DEPLOYMENT_TARGET = 14.5;
				MTL_ENABLE_DEBUG_INFO = INCLUDE_SOURCE;
				MTL_FAST_MATH = YES;
				ONLY_ACTIVE_ARCH = YES;
				SDKROOT = iphoneos;
				SWIFT_ACTIVE_COMPILATION_CONDITIONS = DEBUG;
				SWIFT_OPTIMIZATION_LEVEL = "-Onone";
			};
			name = Debug;
		};
		1412DFAF26DB811600A373BA /* Release */ = {
			isa = XCBuildConfiguration;
			buildSettings = {
				ALWAYS_SEARCH_USER_PATHS = NO;
				CLANG_ANALYZER_NONNULL = YES;
				CLANG_ANALYZER_NUMBER_OBJECT_CONVERSION = YES_AGGRESSIVE;
				CLANG_CXX_LANGUAGE_STANDARD = "gnu++14";
				CLANG_CXX_LIBRARY = "libc++";
				CLANG_ENABLE_MODULES = YES;
				CLANG_ENABLE_OBJC_ARC = YES;
				CLANG_ENABLE_OBJC_WEAK = YES;
				CLANG_WARN_BLOCK_CAPTURE_AUTORELEASING = YES;
				CLANG_WARN_BOOL_CONVERSION = YES;
				CLANG_WARN_COMMA = YES;
				CLANG_WARN_CONSTANT_CONVERSION = YES;
				CLANG_WARN_DEPRECATED_OBJC_IMPLEMENTATIONS = YES;
				CLANG_WARN_DIRECT_OBJC_ISA_USAGE = YES_ERROR;
				CLANG_WARN_DOCUMENTATION_COMMENTS = YES;
				CLANG_WARN_EMPTY_BODY = YES;
				CLANG_WARN_ENUM_CONVERSION = YES;
				CLANG_WARN_INFINITE_RECURSION = YES;
				CLANG_WARN_INT_CONVERSION = YES;
				CLANG_WARN_NON_LITERAL_NULL_CONVERSION = YES;
				CLANG_WARN_OBJC_IMPLICIT_RETAIN_SELF = YES;
				CLANG_WARN_OBJC_LITERAL_CONVERSION = YES;
				CLANG_WARN_OBJC_ROOT_CLASS = YES_ERROR;
				CLANG_WARN_QUOTED_INCLUDE_IN_FRAMEWORK_HEADER = YES;
				CLANG_WARN_RANGE_LOOP_ANALYSIS = YES;
				CLANG_WARN_STRICT_PROTOTYPES = YES;
				CLANG_WARN_SUSPICIOUS_MOVE = YES;
				CLANG_WARN_UNGUARDED_AVAILABILITY = YES_AGGRESSIVE;
				CLANG_WARN_UNREACHABLE_CODE = YES;
				CLANG_WARN__DUPLICATE_METHOD_MATCH = YES;
				COPY_PHASE_STRIP = NO;
				DEBUG_INFORMATION_FORMAT = "dwarf-with-dsym";
				ENABLE_NS_ASSERTIONS = NO;
				ENABLE_STRICT_OBJC_MSGSEND = YES;
				GCC_C_LANGUAGE_STANDARD = gnu11;
				GCC_NO_COMMON_BLOCKS = YES;
				GCC_WARN_64_TO_32_BIT_CONVERSION = YES;
				GCC_WARN_ABOUT_RETURN_TYPE = YES_ERROR;
				GCC_WARN_UNDECLARED_SELECTOR = YES;
				GCC_WARN_UNINITIALIZED_AUTOS = YES_AGGRESSIVE;
				GCC_WARN_UNUSED_FUNCTION = YES;
				GCC_WARN_UNUSED_VARIABLE = YES;
				IPHONEOS_DEPLOYMENT_TARGET = 14.5;
				MTL_ENABLE_DEBUG_INFO = NO;
				MTL_FAST_MATH = YES;
				SDKROOT = iphoneos;
				SWIFT_COMPILATION_MODE = wholemodule;
				SWIFT_OPTIMIZATION_LEVEL = "-O";
				VALIDATE_PRODUCT = YES;
			};
			name = Release;
		};
		1412DFB126DB811600A373BA /* Debug */ = {
			isa = XCBuildConfiguration;
			baseConfigurationReference = 65A981B1072E707DEB5375FA /* Pods-WhatIsThisPlants.debug.xcconfig */;
			buildSettings = {
				ASSETCATALOG_COMPILER_APPICON_NAME = AppIcon;
				ASSETCATALOG_COMPILER_GLOBAL_ACCENT_COLOR_NAME = AccentColor;
				CODE_SIGN_STYLE = Automatic;
				DEVELOPMENT_TEAM = 79JAW5V2W8;
				INFOPLIST_FILE = WhatIsThisPlants/Info.plist;
				LD_RUNPATH_SEARCH_PATHS = (
					"$(inherited)",
					"@executable_path/Frameworks",
				);
				PRODUCT_BUNDLE_IDENTIFIER = "Seonghun-Kim.WhatIsThisPlants";
				PRODUCT_NAME = "$(TARGET_NAME)";
				SWIFT_VERSION = 5.0;
				TARGETED_DEVICE_FAMILY = "1,2";
			};
			name = Debug;
		};
		1412DFB226DB811600A373BA /* Release */ = {
			isa = XCBuildConfiguration;
			baseConfigurationReference = 23F3735254DDACCB6B8FF015 /* Pods-WhatIsThisPlants.release.xcconfig */;
			buildSettings = {
				ASSETCATALOG_COMPILER_APPICON_NAME = AppIcon;
				ASSETCATALOG_COMPILER_GLOBAL_ACCENT_COLOR_NAME = AccentColor;
				CODE_SIGN_STYLE = Automatic;
				DEVELOPMENT_TEAM = 79JAW5V2W8;
				INFOPLIST_FILE = WhatIsThisPlants/Info.plist;
				LD_RUNPATH_SEARCH_PATHS = (
					"$(inherited)",
					"@executable_path/Frameworks",
				);
				PRODUCT_BUNDLE_IDENTIFIER = "Seonghun-Kim.WhatIsThisPlants";
				PRODUCT_NAME = "$(TARGET_NAME)";
				SWIFT_VERSION = 5.0;
				TARGETED_DEVICE_FAMILY = "1,2";
			};
			name = Release;
		};
/* End XCBuildConfiguration section */

/* Begin XCConfigurationList section */
		1412DF9726DB811400A373BA /* Build configuration list for PBXProject "WhatIsThisPlants" */ = {
			isa = XCConfigurationList;
			buildConfigurations = (
				1412DFAE26DB811600A373BA /* Debug */,
				1412DFAF26DB811600A373BA /* Release */,
			);
			defaultConfigurationIsVisible = 0;
			defaultConfigurationName = Release;
		};
		1412DFB026DB811600A373BA /* Build configuration list for PBXNativeTarget "WhatIsThisPlants" */ = {
			isa = XCConfigurationList;
			buildConfigurations = (
				1412DFB126DB811600A373BA /* Debug */,
				1412DFB226DB811600A373BA /* Release */,
			);
			defaultConfigurationIsVisible = 0;
			defaultConfigurationName = Release;
		};
/* End XCConfigurationList section */
	};
	rootObject = 1412DF9426DB811400A373BA /* Project object */;
}
